
Microsoft Visual Studio Solution File, Format Version 12.00
# Visual Studio Version 17
VisualStudioVersion = 17.7.34202.233
MinimumVisualStudioVersion = 10.0.40219.1
Project("{9A19103F-16F7-4668-BE54-9A1E7A4F7556}") = "BookWebApp.API", "BookWebApp.API\BookWebApp.API.csproj", "{4D2CE0BD-869E-4441-9333-B2F1A12D9746}"
EndProject
Project("{9A19103F-16F7-4668-BE54-9A1E7A4F7556}") = "BookWebApp.Core", "BookWebApp.Core\BookWebApp.Core.csproj", "{6F387131-AB67-45F9-B08F-411F0C75540A}"
EndProject
Project("{9A19103F-16F7-4668-BE54-9A1E7A4F7556}") = "BookWebApp.Application", "BookWebApp.Application\BookWebApp.Application.csproj", "{37CEC52D-EF5D-41B6-BBC6-E7CA92AB759A}"
EndProject
Project("{FAE04EC0-301F-11D3-BF4B-00C04F79EFBC}") = "BookWebApp.Infrastructure", "BookWebApp.Infrastructure\BookWebApp.Infrastructure.csproj", "{FE24C14B-2321-45CE-83F2-F8BED26963D7}"
EndProject
Project("{FAE04EC0-301F-11D3-BF4B-00C04F79EFBC}") = "BookWebApp.Presentation", "BookWebApp.Presentation\BookWebApp.Presentation.csproj", "{CCD80405-0EC2-4BA0-A9D0-1E44DE1AB9B0}"
EndProject
Global
	GlobalSection(SolutionConfigurationPlatforms) = preSolution
		Debug|Any CPU = Debug|Any CPU
		Release|Any CPU = Release|Any CPU
	EndGlobalSection
	GlobalSection(ProjectConfigurationPlatforms) = postSolution
		{4D2CE0BD-869E-4441-9333-B2F1A12D9746}.Debug|Any CPU.ActiveCfg = Debug|Any CPU
		{4D2CE0BD-869E-4441-9333-B2F1A12D9746}.Debug|Any CPU.Build.0 = Debug|Any CPU
		{4D2CE0BD-869E-4441-9333-B2F1A12D9746}.Release|Any CPU.ActiveCfg = Release|Any CPU
		{4D2CE0BD-869E-4441-9333-B2F1A12D9746}.Release|Any CPU.Build.0 = Release|Any CPU
		{6F387131-AB67-45F9-B08F-411F0C75540A}.Debug|Any CPU.ActiveCfg = Debug|Any CPU
		{6F387131-AB67-45F9-B08F-411F0C75540A}.Debug|Any CPU.Build.0 = Debug|Any CPU
		{6F387131-AB67-45F9-B08F-411F0C75540A}.Release|Any CPU.ActiveCfg = Release|Any CPU
		{6F387131-AB67-45F9-B08F-411F0C75540A}.Release|Any CPU.Build.0 = Release|Any CPU
		{37CEC52D-EF5D-41B6-BBC6-E7CA92AB759A}.Debug|Any CPU.ActiveCfg = Debug|Any CPU
		{37CEC52D-EF5D-41B6-BBC6-E7CA92AB759A}.Debug|Any CPU.Build.0 = Debug|Any CPU
		{37CEC52D-EF5D-41B6-BBC6-E7CA92AB759A}.Release|Any CPU.ActiveCfg = Release|Any CPU
		{37CEC52D-EF5D-41B6-BBC6-E7CA92AB759A}.Release|Any CPU.Build.0 = Release|Any CPU
		{FE24C14B-2321-45CE-83F2-F8BED26963D7}.Debug|Any CPU.ActiveCfg = Debug|Any CPU
		{FE24C14B-2321-45CE-83F2-F8BED26963D7}.Debug|Any CPU.Build.0 = Debug|Any CPU
		{FE24C14B-2321-45CE-83F2-F8BED26963D7}.Release|Any CPU.ActiveCfg = Release|Any CPU
		{FE24C14B-2321-45CE-83F2-F8BED26963D7}.Release|Any CPU.Build.0 = Release|Any CPU
		{CCD80405-0EC2-4BA0-A9D0-1E44DE1AB9B0}.Debug|Any CPU.ActiveCfg = Debug|Any CPU
		{CCD80405-0EC2-4BA0-A9D0-1E44DE1AB9B0}.Debug|Any CPU.Build.0 = Debug|Any CPU
		{CCD80405-0EC2-4BA0-A9D0-1E44DE1AB9B0}.Release|Any CPU.ActiveCfg = Release|Any CPU
		{CCD80405-0EC2-4BA0-A9D0-1E44DE1AB9B0}.Release|Any CPU.Build.0 = Release|Any CPU
	EndGlobalSection
	GlobalSection(SolutionProperties) = preSolution
		HideSolutionNode = FALSE
	EndGlobalSection
	GlobalSection(ExtensibilityGlobals) = postSolution
		SolutionGuid = {EBB81C46-25DE-40BA-A1B6-0A996886A505}
	EndGlobalSection
EndGlobal
